
Microsoft Visual Studio Solution File, Format Version 12.00
# Visual Studio Version 16
VisualStudioVersion = 16.0.31729.503
MinimumVisualStudioVersion = 10.0.40219.1
Project("{FAE04EC0-301F-11D3-BF4B-00C04F79EFBC}") = "Mix", "Mix\Mix.csproj", "{98BF1579-5CE5-4DF1-95B0-99415263DE38}"
EndProject
Project("{FAE04EC0-301F-11D3-BF4B-00C04F79EFBC}") = "Triangulo", "Triangulo\Triangulo.csproj", "{F822C25A-A343-4325-A873-1EEC1B153780}"
EndProject
Global
	GlobalSection(SolutionConfigurationPlatforms) = preSolution
		Debug|Any CPU = Debug|Any CPU
		Release|Any CPU = Release|Any CPU
	EndGlobalSection
	GlobalSection(ProjectConfigurationPlatforms) = postSolution
		{98BF1579-5CE5-4DF1-95B0-99415263DE38}.Debug|Any CPU.ActiveCfg = Debug|Any CPU
		{98BF1579-5CE5-4DF1-95B0-99415263DE38}.Debug|Any CPU.Build.0 = Debug|Any CPU
		{98BF1579-5CE5-4DF1-95B0-99415263DE38}.Release|Any CPU.ActiveCfg = Release|Any CPU
		{98BF1579-5CE5-4DF1-95B0-99415263DE38}.Release|Any CPU.Build.0 = Release|Any CPU
		{F822C25A-A343-4325-A873-1EEC1B153780}.Debug|Any CPU.ActiveCfg = Debug|Any CPU
		{F822C25A-A343-4325-A873-1EEC1B153780}.Debug|Any CPU.Build.0 = Debug|Any CPU
		{F822C25A-A343-4325-A873-1EEC1B153780}.Release|Any CPU.ActiveCfg = Release|Any CPU
		{F822C25A-A343-4325-A873-1EEC1B153780}.Release|Any CPU.Build.0 = Release|Any CPU
	EndGlobalSection
	GlobalSection(SolutionProperties) = preSolution
		HideSolutionNode = FALSE
	EndGlobalSection
	GlobalSection(ExtensibilityGlobals) = postSolution
		SolutionGuid = {951FD08D-D6E6-4408-8317-13CB016A38E2}
	EndGlobalSection
EndGlobal
